Microsoft Visual Studio Solution File, Format Version 11.00
# Visual Studio 2008

Project("{FC140016-4A78-D2F8-831E-28AD5F1A7AD3}") = "Alcoholic UI 20150707", "Assembly-CSharp-vs.csproj", "{4B482DA3-EA9A-F475-9068-699E13BE07CC}"
EndProject
Global
	GlobalSection(SolutionConfigurationPlatforms) = preSolution
		Debug|Any CPU = Debug|Any CPU
		Release|Any CPU = Release|Any CPU
	EndGlobalSection
	GlobalSection(ProjectConfigurationPlatforms) = postSolution
		{4B482DA3-EA9A-F475-9068-699E13BE07CC}.Debug|Any CPU.ActiveCfg = Debug|Any CPU
		{4B482DA3-EA9A-F475-9068-699E13BE07CC}.Debug|Any CPU.Build.0 = Debug|Any CPU
		{4B482DA3-EA9A-F475-9068-699E13BE07CC}.Release|Any CPU.ActiveCfg = Release|Any CPU
		{4B482DA3-EA9A-F475-9068-699E13BE07CC}.Release|Any CPU.Build.0 = Release|Any CPU
	EndGlobalSection
	GlobalSection(SolutionProperties) = preSolution
		HideSolutionNode = FALSE
	EndGlobalSection
											GlobalSection(MonoDevelopProperties) = preSolution
		StartupItem = Assembly-CSharp.csproj
		Policies = $0
		$0.TextStylePolicy = $1
		$1.inheritsSet = null
		$1.scope = text/x-csharp
		$0.CSharpFormattingPolicy = $2
		$2.inheritsSet = Mono
		$2.inheritsScope = text/x-csharp
		$2.scope = text/x-csharp
		$0.TextStylePolicy = $3
		$3.FileWidth = 120
		$3.TabWidth = 4
		$3.IndentWidth = 4
		$3.EolMarker = Unix
		$3.inheritsSet = Mono
		$3.inheritsScope = text/plain
		$3.scope = text/plain
	EndGlobalSection

EndGlobal
